// !$*UTF8*$!
{
	archiveVersion = 1;
	classes = {
	};
	objectVersion = 46;
	objects = {

/* Begin PBXBuildFile section */
		873238F91B025B4F0024262B /* RecordedAudio.swift in Sources */ = {isa = PBXBuildFile; fileRef = 873238F81B025B4F0024262B /* RecordedAudio.swift */; };
		87A941FB1AFCE2A8001BCA02 /* AppDelegate.swift in Sources */ = {isa = PBXBuildFile; fileRef = 87A941FA1AFCE2A8001BCA02 /* AppDelegate.swift */; };
		87A941FD1AFCE2A8001BCA02 /* RecordSoundsViewController.swift in Sources */ = {isa = PBXBuildFile; fileRef = 87A941FC1AFCE2A8001BCA02 /* RecordSoundsViewController.swift */; };
		87A942001AFCE2A8001BCA02 /* Main.storyboard in Resources */ = {isa = PBXBuildFile; fileRef = 87A941FE1AFCE2A8001BCA02 /* Main.storyboard */; };
		87A942021AFCE2A8001BCA02 /* Images.xcassets in Resources */ = {isa = PBXBuildFile; fileRef = 87A942011AFCE2A8001BCA02 /* Images.xcassets */; };
		87A942051AFCE2A8001BCA02 /* LaunchScreen.xib in Resources */ = {isa = PBXBuildFile; fileRef = 87A942031AFCE2A8001BCA02 /* LaunchScreen.xib */; };
		87A942111AFCE2A8001BCA02 /* Pitch_PerfectTests.swift in Sources */ = {isa = PBXBuildFile; fileRef = 87A942101AFCE2A8001BCA02 /* Pitch_PerfectTests.swift */; };
		87F1A06A1AFE38850040DD3A /* movie_quote.mp3 in Resources */ = {isa = PBXBuildFile; fileRef = 87F1A0691AFE38850040DD3A /* movie_quote.mp3 */; };
		87F1A06C1AFE4FB30040DD3A /* PlaySoundsViewController.swift in Sources */ = {isa = PBXBuildFile; fileRef = 87F1A06B1AFE4FB30040DD3A /* PlaySoundsViewController.swift */; };
/* End PBXBuildFile section */

/* Begin PBXContainerItemProxy section */
		87A9420B1AFCE2A8001BCA02 /* PBXContainerItemProxy */ = {
			isa = PBXContainerItemProxy;
			containerPortal = 87A941ED1AFCE2A8001BCA02 /* Project object */;
			proxyType = 1;
			remoteGlobalIDString = 87A941F41AFCE2A8001BCA02;
			remoteInfo = "Pitch Perfect";
		};
/* End PBXContainerItemProxy section */

/* Begin PBXFileReference section */
		873238F81B025B4F0024262B /* RecordedAudio.swift */ = {isa = PBXFileReference; fileEncoding = 4; lastKnownFileType = sourcecode.swift; path = RecordedAudio.swift; sourceTree = "<group>"; };
		87A941F51AFCE2A8001BCA02 /* Pitch Perfect.app */ = {isa = PBXFileReference; explicitFileType = wrapper.application; includeInIndex = 0; path = "Pitch Perfect.app"; sourceTree = BUILT_PRODUCTS_DIR; };
		87A941F91AFCE2A8001BCA02 /* Info.plist */ = {isa = PBXFileReference; lastKnownFileType = text.plist.xml; path = Info.plist; sourceTree = "<group>"; };
		87A941FA1AFCE2A8001BCA02 /* AppDelegate.swift */ = {isa = PBXFileReference; lastKnownFileType = sourcecode.swift; path = AppDelegate.swift; sourceTree = "<group>"; };
		87A941FC1AFCE2A8001BCA02 /* RecordSoundsViewController.swift */ = {isa = PBXFileReference; lastKnownFileType = sourcecode.swift; path = RecordSoundsViewController.swift; sourceTree = "<group>"; };
		87A941FF1AFCE2A8001BCA02 /* Base */ = {isa = PBXFileReference; lastKnownFileType = file.storyboard; name = Base; path = Base.lproj/Main.storyboard; sourceTree = "<group>"; };
		87A942011AFCE2A8001BCA02 /* Images.xcassets */ = {isa = PBXFileReference; lastKnownFileType = folder.assetcatalog; path = Images.xcassets; sourceTree = "<group>"; };
		87A942041AFCE2A8001BCA02 /* Base */ = {isa = PBXFileReference; lastKnownFileType = file.xib; name = Base; path = Base.lproj/LaunchScreen.xib; sourceTree = "<group>"; };
		87A9420A1AFCE2A8001BCA02 /* Pitch PerfectTests.xctest */ = {isa = PBXFileReference; explicitFileType = wrapper.cfbundle; includeInIndex = 0; path = "Pitch PerfectTests.xctest"; sourceTree = BUILT_PRODUCTS_DIR; };
		87A9420F1AFCE2A8001BCA02 /* Info.plist */ = {isa = PBXFileReference; lastKnownFileType = text.plist.xml; path = Info.plist; sourceTree = "<group>"; };
		87A942101AFCE2A8001BCA02 /* Pitch_PerfectTests.swift */ = {isa = PBXFileReference; lastKnownFileType = sourcecode.swift; path = Pitch_PerfectTests.swift; sourceTree = "<group>"; };
		87F1A0691AFE38850040DD3A /* movie_quote.mp3 */ = {isa = PBXFileReference; lastKnownFileType = audio.mp3; path = movie_quote.mp3; sourceTree = "<group>"; };
		87F1A06B1AFE4FB30040DD3A /* PlaySoundsViewController.swift */ = {isa = PBXFileReference; fileEncoding = 4; lastKnownFileType = sourcecode.swift; name = PlaySoundsViewController.swift; path = ../PlaySoundsViewController.swift; sourceTree = "<group>"; };
/* End PBXFileReference section */

/* Begin PBXFrameworksBuildPhase section */
		87A941F21AFCE2A8001BCA02 /* Frameworks */ = {
			isa = PBXFrameworksBuildPhase;
			buildActionMask = 2147483647;
			files = (
			);
			runOnlyForDeploymentPostprocessing = 0;
		};
		87A942071AFCE2A8001BCA02 /* Frameworks */ = {
			isa = PBXFrameworksBuildPhase;
			buildActionMask = 2147483647;
			files = (
			);
			runOnlyForDeploymentPostprocessing = 0;
		};
/* End PBXFrameworksBuildPhase section */

/* Begin PBXGroup section */
		87A941EC1AFCE2A8001BCA02 = {
			isa = PBXGroup;
			children = (
				87A941F71AFCE2A8001BCA02 /* Pitch Perfect */,
				87A9420D1AFCE2A8001BCA02 /* Pitch PerfectTests */,
				87A941F61AFCE2A8001BCA02 /* Products */,
			);
			sourceTree = "<group>";
		};
		87A941F61AFCE2A8001BCA02 /* Products */ = {
			isa = PBXGroup;
			children = (
				87A941F51AFCE2A8001BCA02 /* Pitch Perfect.app */,
				87A9420A1AFCE2A8001BCA02 /* Pitch PerfectTests.xctest */,
			);
			name = Products;
			sourceTree = "<group>";
		};
		87A941F71AFCE2A8001BCA02 /* Pitch Perfect */ = {
			isa = PBXGroup;
			children = (
				87A941FA1AFCE2A8001BCA02 /* AppDelegate.swift */,
				87A941FC1AFCE2A8001BCA02 /* RecordSoundsViewController.swift */,
				873238F81B025B4F0024262B /* RecordedAudio.swift */,
				87F1A06B1AFE4FB30040DD3A /* PlaySoundsViewController.swift */,
				87A941FE1AFCE2A8001BCA02 /* Main.storyboard */,
				87A942011AFCE2A8001BCA02 /* Images.xcassets */,
				87A942031AFCE2A8001BCA02 /* LaunchScreen.xib */,
				87A941F81AFCE2A8001BCA02 /* Supporting Files */,
			);
			path = "Pitch Perfect";
			sourceTree = "<group>";
		};
		87A941F81AFCE2A8001BCA02 /* Supporting Files */ = {
			isa = PBXGroup;
			children = (
				87F1A0691AFE38850040DD3A /* movie_quote.mp3 */,
				87A941F91AFCE2A8001BCA02 /* Info.plist */,
			);
			name = "Supporting Files";
			sourceTree = "<group>";
		};
		87A9420D1AFCE2A8001BCA02 /* Pitch PerfectTests */ = {
			isa = PBXGroup;
			children = (
				87A942101AFCE2A8001BCA02 /* Pitch_PerfectTests.swift */,
				87A9420E1AFCE2A8001BCA02 /* Supporting Files */,
			);
			path = "Pitch PerfectTests";
			sourceTree = "<group>";
		};
		87A9420E1AFCE2A8001BCA02 /* Supporting Files */ = {
			isa = PBXGroup;
			children = (
				87A9420F1AFCE2A8001BCA02 /* Info.plist */,
			);
			name = "Supporting Files";
			sourceTree = "<group>";
		};
/* End PBXGroup section */

/* Begin PBXNativeTarget section */
		87A941F41AFCE2A8001BCA02 /* Pitch Perfect */ = {
			isa = PBXNativeTarget;
			buildConfigurationList = 87A942141AFCE2A8001BCA02 /* Build configuration list for PBXNativeTarget "Pitch Perfect" */;
			buildPhases = (
				87A941F11AFCE2A8001BCA02 /* Sources */,
				87A941F21AFCE2A8001BCA02 /* Frameworks */,
				87A941F31AFCE2A8001BCA02 /* Resources */,
			);
			buildRules = (
			);
			dependencies = (
			);
			name = "Pitch Perfect";
			productName = "Pitch Perfect";
			productReference = 87A941F51AFCE2A8001BCA02 /* Pitch Perfect.app */;
			productType = "com.apple.product-type.application";
		};
		87A942091AFCE2A8001BCA02 /* Pitch PerfectTests */ = {
			isa = PBXNativeTarget;
			buildConfigurationList = 87A942171AFCE2A8001BCA02 /* Build configuration list for PBXNativeTarget "Pitch PerfectTests" */;
			buildPhases = (
				87A942061AFCE2A8001BCA02 /* Sources */,
				87A942071AFCE2A8001BCA02 /* Frameworks */,
				87A942081AFCE2A8001BCA02 /* Resources */,
			);
			buildRules = (
			);
			dependencies = (
				87A9420C1AFCE2A8001BCA02 /* PBXTargetDependency */,
			);
			name = "Pitch PerfectTests";
			productName = "Pitch PerfectTests";
			productReference = 87A9420A1AFCE2A8001BCA02 /* Pitch PerfectTests.xctest */;
			productType = "com.apple.product-type.bundle.unit-test";
		};
/* End PBXNativeTarget section */

/* Begin PBXProject section */
		87A941ED1AFCE2A8001BCA02 /* Project object */ = {
			isa = PBXProject;
			attributes = {
				LastUpgradeCheck = 0630;
				ORGANIZATIONNAME = tsarakatsianou;
				TargetAttributes = {
					87A941F41AFCE2A8001BCA02 = {
						CreatedOnToolsVersion = 6.3;
						DevelopmentTeam = HMD92UM5K4;
					};
					87A942091AFCE2A8001BCA02 = {
						CreatedOnToolsVersion = 6.3;
						TestTargetID = 87A941F41AFCE2A8001BCA02;
					};
				};
			};
			buildConfigurationList = 87A941F01AFCE2A8001BCA02 /* Build configuration list for PBXProject "Pitch Perfect" */;
			compatibilityVersion = "Xcode 3.2";
			developmentRegion = English;
			hasScannedForEncodings = 0;
			knownRegions = (
				en,
				Base,
			);
			mainGroup = 87A941EC1AFCE2A8001BCA02;
			productRefGroup = 87A941F61AFCE2A8001BCA02 /* Products */;
			projectDirPath = "";
			projectRoot = "";
			targets = (
				87A941F41AFCE2A8001BCA02 /* Pitch Perfect */,
				87A942091AFCE2A8001BCA02 /* Pitch PerfectTests */,
			);
		};
/* End PBXProject section */

/* Begin PBXResourcesBuildPhase section */
		87A941F31AFCE2A8001BCA02 /* Resources */ = {
			isa = PBXResourcesBuildPhase;
			buildActionMask = 2147483647;
			files = (
				87A942001AFCE2A8001BCA02 /* Main.storyboard in Resources */,
				87A942051AFCE2A8001BCA02 /* LaunchScreen.xib in Resources */,
				87F1A06A1AFE38850040DD3A /* movie_quote.mp3 in Resources */,
				87A942021AFCE2A8001BCA02 /* Images.xcassets in Resources */,
			);
			runOnlyForDeploymentPostprocessing = 0;
		};
		87A942081AFCE2A8001BCA02 /* Resources */ = {
			isa = PBXResourcesBuildPhase;
			buildActionMask = 2147483647;
			files = (
			);
			runOnlyForDeploymentPostprocessing = 0;
		};
/* End PBXResourcesBuildPhase section */

/* Begin PBXSourcesBuildPhase section */
		87A941F11AFCE2A8001BCA02 /* Sources */ = {
			isa = PBXSourcesBuildPhase;
			buildActionMask = 2147483647;
			files = (
				873238F91B025B4F0024262B /* RecordedAudio.swift in Sources */,
				87A941FD1AFCE2A8001BCA02 /* RecordSoundsViewController.swift in Sources */,
				87F1A06C1AFE4FB30040DD3A /* PlaySoundsViewController.swift in Sources */,
				87A941FB1AFCE2A8001BCA02 /* AppDelegate.swift in Sources */,
			);
			runOnlyForDeploymentPostprocessing = 0;
		};
		87A942061AFCE2A8001BCA02 /* Sources */ = {
			isa = PBXSourcesBuildPhase;
			buildActionMask = 2147483647;
			files = (
				87A942111AFCE2A8001BCA02 /* Pitch_PerfectTests.swift in Sources */,
			);
			runOnlyForDeploymentPostprocessing = 0;
		};
/* End PBXSourcesBuildPhase section */

/* Begin PBXTargetDependency section */
		87A9420C1AFCE2A8001BCA02 /* PBXTargetDependency */ = {
			isa = PBXTargetDependency;
			target = 87A941F41AFCE2A8001BCA02 /* Pitch Perfect */;
			targetProxy = 87A9420B1AFCE2A8001BCA02 /* PBXContainerItemProxy */;
		};
/* End PBXTargetDependency section */

/* Begin PBXVariantGroup section */
		87A941FE1AFCE2A8001BCA02 /* Main.storyboard */ = {
			isa = PBXVariantGroup;
			children = (
				87A941FF1AFCE2A8001BCA02 /* Base */,
			);
			name = Main.storyboard;
			sourceTree = "<group>";
		};
		87A942031AFCE2A8001BCA02 /* LaunchScreen.xib */ = {
			isa = PBXVariantGroup;
			children = (
				87A942041AFCE2A8001BCA02 /* Base */,
			);
			name = LaunchScreen.xib;
			sourceTree = "<group>";
		};
/* End PBXVariantGroup section */

/* Begin XCBuildConfiguration section */
		87A942121AFCE2A8001BCA02 /* Debug */ = {
			isa = XCBuildConfiguration;
			buildSettings = {
				ALWAYS_SEARCH_USER_PATHS = NO;
				CLANG_CXX_LANGUAGE_STANDARD = "gnu++0x";
				CLANG_CXX_LIBRARY = "libc++";
				CLANG_ENABLE_MODULES = YES;
				CLANG_ENABLE_OBJC_ARC = YES;
				CLANG_WARN_BOOL_CONVERSION = YES;
				CLANG_WARN_CONSTANT_CONVERSION = YES;
				CLANG_WARN_DIRECT_OBJC_ISA_USAGE = YES_ERROR;
				CLANG_WARN_EMPTY_BODY = YES;
				CLANG_WARN_ENUM_CONVERSION = YES;
				CLANG_WARN_INT_CONVERSION = YES;
				CLANG_WARN_OBJC_ROOT_CLASS = YES_ERROR;
				CLANG_WARN_UNREACHABLE_CODE = YES;
				CLANG_WARN__DUPLICATE_METHOD_MATCH = YES;
				"CODE_SIGN_IDENTITY[sdk=iphoneos*]" = "iPhone Developer";
				COPY_PHASE_STRIP = NO;
				DEBUG_INFORMATION_FORMAT = "dwarf-with-dsym";
				ENABLE_STRICT_OBJC_MSGSEND = YES;
				GCC_C_LANGUAGE_STANDARD = gnu99;
				GCC_DYNAMIC_NO_PIC = NO;
				GCC_NO_COMMON_BLOCKS = YES;
				GCC_OPTIMIZATION_LEVEL = 0;
				GCC_PREPROCESSOR_DEFINITIONS = (
					"DEBUG=1",
					"$(inherited)",
				);
				GCC_SYMBOLS_PRIVATE_EXTERN = NO;
				GCC_WARN_64_TO_32_BIT_CONVERSION = YES;
				GCC_WARN_ABOUT_RETURN_TYPE = YES_ERROR;
				GCC_WARN_UNDECLARED_SELECTOR = YES;
				GCC_WARN_UNINITIALIZED_AUTOS = YES_AGGRESSIVE;
				GCC_WARN_UNUSED_FUNCTION = YES;
				GCC_WARN_UNUSED_VARIABLE = YES;
				IPHONEOS_DEPLOYMENT_TARGET = 8.3;
				MTL_ENABLE_DEBUG_INFO = YES;
				ONLY_ACTIVE_ARCH = YES;
				SDKROOT = iphoneos;
				SWIFT_OPTIMIZATION_LEVEL = "-Onone";
				TARGETED_DEVICE_FAMILY = "1,2";
			};
			name = Debug;
		};
		87A942131AFCE2A8001BCA02 /* Release */ = {
			isa = XCBuildConfiguration;
			buildSettings = {
				ALWAYS_SEARCH_USER_PATHS = NO;
				CLANG_CXX_LANGUAGE_STANDARD = "gnu++0x";
				CLANG_CXX_LIBRARY = "libc++";
				CLANG_ENABLE_MODULES = YES;
				CLANG_ENABLE_OBJC_ARC = YES;
				CLANG_WARN_BOOL_CONVERSION = YES;
				CLANG_WARN_CONSTANT_CONVERSION = YES;
				CLANG_WARN_DIRECT_OBJC_ISA_USAGE = YES_ERROR;
				CLANG_WARN_EMPTY_BODY = YES;
				CLANG_WARN_ENUM_CONVERSION = YES;
				CLANG_WARN_INT_CONVERSION = YES;
				CLANG_WARN_OBJC_ROOT_CLASS = YES_ERROR;
				CLANG_WARN_UNREACHABLE_CODE = YES;
				CLANG_WARN__DUPLICATE_METHOD_MATCH = YES;
				"CODE_SIGN_IDENTITY[sdk=iphoneos*]" = "iPhone Developer";
				COPY_PHASE_STRIP = NO;
				DEBUG_INFORMATION_FORMAT = "dwarf-with-dsym";
				ENABLE_NS_ASSERTIONS = NO;
				ENABLE_STRICT_OBJC_MSGSEND = YES;
				GCC_C_LANGUAGE_STANDARD = gnu99;
				GCC_NO_COMMON_BLOCKS = YES;
				GCC_WARN_64_TO_32_BIT_CONVERSION = YES;
				GCC_WARN_ABOUT_RETURN_TYPE = YES_ERROR;
				GCC_WARN_UNDECLARED_SELECTOR = YES;
				GCC_WARN_UNINITIALIZED_AUTOS = YES_AGGRESSIVE;
				GCC_WARN_UNUSED_FUNCTION = YES;
				GCC_WARN_UNUSED_VARIABLE = YES;
				IPHONEOS_DEPLOYMENT_TARGET = 8.3;
				MTL_ENABLE_DEBUG_INFO = NO;
				SDKROOT = iphoneos;
				TARGETED_DEVICE_FAMILY = "1,2";
				VALIDATE_PRODUCT = YES;
			};
			name = Release;
		};
		87A942151AFCE2A8001BCA02 /* Debug */ = {
			isa = XCBuildConfiguration;
			buildSettings = {
				ASSETCATALOG_COMPILER_APPICON_NAME = AppIcon;
				CODE_SIGN_IDENTITY = "iPhone Developer";
				"CODE_SIGN_IDENTITY[sdk=iphoneos*]" = "iPhone Developer";
				INFOPLIST_FILE = "Pitch Perfect/Info.plist";
				LD_RUNPATH_SEARCH_PATHS = "$(inherited) @executable_path/Frameworks";
				PRODUCT_NAME = "$(TARGET_NAME)";
				PROVISIONING_PROFILE = "";
				TARGETED_DEVICE_FAMILY = "1,2";
			};
			name = Debug;
		};
		87A942161AFCE2A8001BCA02 /* Release */ = {
			isa = XCBuildConfiguration;
			buildSettings = {
				ASSETCATALOG_COMPILER_APPICON_NAME = AppIcon;
				CODE_SIGN_IDENTITY = "iPhone Developer";
				"CODE_SIGN_IDENTITY[sdk=iphoneos*]" = "iPhone Developer";
				INFOPLIST_FILE = "Pitch Perfect/Info.plist";
				LD_RUNPATH_SEARCH_PATHS = "$(inherited) @executable_path/Frameworks";
				PRODUCT_NAME = "$(TARGET_NAME)";
				PROVISIONING_PROFILE = "";
				TARGETED_DEVICE_FAMILY = "1,2";
			};
			name = Release;
		};
		87A942181AFCE2A8001BCA02 /* Debug */ = {
			isa = XCBuildConfiguration;
			buildSettings = {
				BUNDLE_LOADER = "$(TEST_HOST)";
				FRAMEWORK_SEARCH_PATHS = (
					"$(SDKROOT)/Developer/Library/Frameworks",
					"$(inherited)",
				);
				GCC_PREPROCESSOR_DEFINITIONS = (
					"DEBUG=1",
					"$(inherited)",
				);
				INFOPLIST_FILE = "Pitch PerfectTests/Info.plist";
				LD_RUNPATH_SEARCH_PATHS = "$(inherited) @executable_path/Frameworks @loader_path/Frameworks";
				PRODUCT_NAME = "$(TARGET_NAME)";
				TEST_HOST = "$(BUILT_PRODUCTS_DIR)/Pitch Perfect.app/Pitch Perfect";
			};
			name = Debug;
		};
		87A942191AFCE2A8001BCA02 /* Release */ = {
			isa = XCBuildConfiguration;
			buildSettings = {
				BUNDLE_LOADER = "$(TEST_HOST)";
				FRAMEWORK_SEARCH_PATHS = (
					"$(SDKROOT)/Developer/Library/Frameworks",
					"$(inherited)",
				);
				INFOPLIST_FILE = "Pitch PerfectTests/Info.plist";
				LD_RUNPATH_SEARCH_PATHS = "$(inherited) @executable_path/Frameworks @loader_path/Frameworks";
				PRODUCT_NAME = "$(TARGET_NAME)";
				TEST_HOST = "$(BUILT_PRODUCTS_DIR)/Pitch Perfect.app/Pitch Perfect";
			};
			name = Release;
		};
/* End XCBuildConfiguration section */

/* Begin XCConfigurationList section */
		87A941F01AFCE2A8001BCA02 /* Build configuration list for PBXProject "Pitch Perfect" */ = {
			isa = XCConfigurationList;
			buildConfigurations = (
				87A942121AFCE2A8001BCA02 /* Debug */,
				87A942131AFCE2A8001BCA02 /* Release */,
			);
			defaultConfigurationIsVisible = 0;
			defaultConfigurationName = Release;
		};
		87A942141AFCE2A8001BCA02 /* Build configuration list for PBXNativeTarget "Pitch Perfect" */ = {
			isa = XCConfigurationList;
			buildConfigurations = (
				87A942151AFCE2A8001BCA02 /* Debug */,
				87A942161AFCE2A8001BCA02 /* Release */,
			);
			defaultConfigurationIsVisible = 0;
			defaultConfigurationName = Release;
		};
		87A942171AFCE2A8001BCA02 /* Build configuration list for PBXNativeTarget "Pitch PerfectTests" */ = {
			isa = XCConfigurationList;
			buildConfigurations = (
				87A942181AFCE2A8001BCA02 /* Debug */,
				87A942191AFCE2A8001BCA02 /* Release */,
			);
			defaultConfigurationIsVisible = 0;
			defaultConfigurationName = Release;
		};
/* End XCConfigurationList section */
	};
	rootObject = 87A941ED1AFCE2A8001BCA02 /* Project object */;
}
